{
  "nodes": {
    "dotfiles": {
      "flake": false,
      "locked": {
        "lastModified": 1785700328,
        "narHash": "sha256-JPYwMVuQWf7mn0Wh+uf5sw9GVheAr85elZUrwU+EopU=",
        "owner": "jan146",
        "repo": "dotfiles",
        "rev": "e68564b464a35acc33b70d8cc66679d187bf042f",
        "type": "github"
      },
      "original": {
        "owner": "jan146",
        "repo": "dotfiles",
        "type": "github"
      }
    },
    "hjem": {
      "inputs": {
        "nixpkgs": [
          "nixpkgs"
        ]
      },
      "locked": {
        "lastModified": 1785525782,
        "narHash": "sha256-M9v4zyKLYSVv2RYB4iYTg2THKvW3mDlj+fR1KvW9G3w=",
        "owner": "feel-co",
        "repo": "hjem",
        "rev": "d628ecda714785fddf86cad28ee4f506dc5b7eb9",
        "type": "github"
      },
      "original": {
        "owner": "feel-co",
        "repo": "hjem",
        "type": "github"
      }
    },
    "nixpkgs": {
      "locked": {
        "lastModified": 1785491804,
        "narHash": "sha256-p00vplVOyfKGlhju0+eGGPAxyYYKaY0lpyuoHLFIx2Y=",
        "owner": "NixOS",
        "repo": "nixpkgs",
        "rev": "5b4f72e1705a63aace42900610c4db82cb4af0ec",
        "type": "github"
      },
      "original": {
        "owner": "NixOS",
        "ref": "nixos-26.05",
        "repo": "nixpkgs",
        "type": "github"
      }
    },
    "nvim": {
      "flake": false,
      "locked": {
        "lastModified": 1785708056,
        "narHash": "sha256-BK0HUc/g8Nk2p91kFXLdDXL66SdzgciHVGyXntQ5NH0=",
        "owner": "jan146",
        "repo": "nvim",
        "rev": "d0789be7ba21e9987b2e1021964111221640f111",
        "type": "github"
      },
      "original": {
        "owner": "jan146",
        "repo": "nvim",
        "type": "github"
      }
    },
    "packer": {
      "flake": false,
      "locked": {
        "lastModified": 1692903942,
        "narHash": "sha256-fLM+ptjMd1YNoJQEI0vvr4sjaay7dfpaGhvWUy91d1M=",
        "owner": "wbthomason",
        "repo": "packer.nvim",
        "rev": "ea0cc3c59f67c440c5ff0bbe4fb9420f4350b9a3",
        "type": "github"
      },
      "original": {
        "owner": "wbthomason",
        "repo": "packer.nvim",
        "type": "github"
      }
    },
    "root": {
      "inputs": {
        "dotfiles": "dotfiles",
        "hjem": "hjem",
        "nixpkgs": "nixpkgs",
        "nvim": "nvim",
        "packer": "packer"
      }
    }
  },
  "root": "root",
  "version": 7
}
